
Microsoft Visual Studio Solution File, Format Version 12.00
# Visual Studio 14
VisualStudioVersion = 14.0.25420.1
MinimumVisualStudioVersion = 10.0.40219.1
Project("{FAE04EC0-301F-11D3-BF4B-00C04F79EFBC}") = "OutlookRecipientConfirmationAddin", "OutlookRecipientConfirmationAddin\OutlookRecipientConfirmationAddin.csproj", "{078C57F9-F77F-4810-AB68-DB1F1E3DA36D}"
EndProject
Project("{FAE04EC0-301F-11D3-BF4B-00C04F79EFBC}") = "DoNotDisableAddinUpdater", "DoNotDisableAddinUpdater\DoNotDisableAddinUpdater.csproj", "{09C49308-873F-4D95-AFB0-7403BCC3C541}"
EndProject
Project("{FAE04EC0-301F-11D3-BF4B-00C04F79EFBC}") = "ORCAUnitTest", "ORCAUnitTest\ORCAUnitTest.csproj", "{F40AD99E-30C6-430A-BDCF-D621D0C30047}"
EndProject
Project("{FAE04EC0-301F-11D3-BF4B-00C04F79EFBC}") = "TestApp", "TestApp\TestApp.csproj", "{F17EF294-61F9-41B4-A70E-827B7D60E5B2}"
EndProject
Global
	GlobalSection(SolutionConfigurationPlatforms) = preSolution
		Debug|Any CPU = Debug|Any CPU
		Debug|x86 = Debug|x86
		Release|Any CPU = Release|Any CPU
		Release|x86 = Release|x86
	EndGlobalSection
	GlobalSection(ProjectConfigurationPlatforms) = postSolution
		{078C57F9-F77F-4810-AB68-DB1F1E3DA36D}.Debug|Any CPU.ActiveCfg = Debug|Any CPU
		{078C57F9-F77F-4810-AB68-DB1F1E3DA36D}.Debug|Any CPU.Build.0 = Debug|Any CPU
		{078C57F9-F77F-4810-AB68-DB1F1E3DA36D}.Debug|x86.ActiveCfg = Debug|x86
		{078C57F9-F77F-4810-AB68-DB1F1E3DA36D}.Debug|x86.Build.0 = Debug|x86
		{078C57F9-F77F-4810-AB68-DB1F1E3DA36D}.Release|Any CPU.ActiveCfg = Release|Any CPU
		{078C57F9-F77F-4810-AB68-DB1F1E3DA36D}.Release|Any CPU.Build.0 = Release|Any CPU
		{078C57F9-F77F-4810-AB68-DB1F1E3DA36D}.Release|x86.ActiveCfg = Release|x86
		{078C57F9-F77F-4810-AB68-DB1F1E3DA36D}.Release|x86.Build.0 = Release|x86
		{09C49308-873F-4D95-AFB0-7403BCC3C541}.Debug|Any CPU.ActiveCfg = Debug|Any CPU
		{09C49308-873F-4D95-AFB0-7403BCC3C541}.Debug|Any CPU.Build.0 = Debug|Any CPU
		{09C49308-873F-4D95-AFB0-7403BCC3C541}.Debug|x86.ActiveCfg = Debug|Any CPU
		{09C49308-873F-4D95-AFB0-7403BCC3C541}.Release|Any CPU.ActiveCfg = Release|Any CPU
		{09C49308-873F-4D95-AFB0-7403BCC3C541}.Release|Any CPU.Build.0 = Release|Any CPU
		{09C49308-873F-4D95-AFB0-7403BCC3C541}.Release|x86.ActiveCfg = Release|Any CPU
		{F40AD99E-30C6-430A-BDCF-D621D0C30047}.Debug|Any CPU.ActiveCfg = Debug|Any CPU
		{F40AD99E-30C6-430A-BDCF-D621D0C30047}.Debug|Any CPU.Build.0 = Debug|Any CPU
		{F40AD99E-30C6-430A-BDCF-D621D0C30047}.Debug|x86.ActiveCfg = Debug|Any CPU
		{F40AD99E-30C6-430A-BDCF-D621D0C30047}.Debug|x86.Build.0 = Debug|Any CPU
		{F40AD99E-30C6-430A-BDCF-D621D0C30047}.Release|Any CPU.ActiveCfg = Release|Any CPU
		{F40AD99E-30C6-430A-BDCF-D621D0C30047}.Release|Any CPU.Build.0 = Release|Any CPU
		{F40AD99E-30C6-430A-BDCF-D621D0C30047}.Release|x86.ActiveCfg = Release|Any CPU
		{F40AD99E-30C6-430A-BDCF-D621D0C30047}.Release|x86.Build.0 = Release|Any CPU
		{F17EF294-61F9-41B4-A70E-827B7D60E5B2}.Debug|Any CPU.ActiveCfg = Debug|Any CPU
		{F17EF294-61F9-41B4-A70E-827B7D60E5B2}.Debug|Any CPU.Build.0 = Debug|Any CPU
		{F17EF294-61F9-41B4-A70E-827B7D60E5B2}.Debug|x86.ActiveCfg = Debug|Any CPU
		{F17EF294-61F9-41B4-A70E-827B7D60E5B2}.Debug|x86.Build.0 = Debug|Any CPU
		{F17EF294-61F9-41B4-A70E-827B7D60E5B2}.Release|Any CPU.ActiveCfg = Release|Any CPU
		{F17EF294-61F9-41B4-A70E-827B7D60E5B2}.Release|Any CPU.Build.0 = Release|Any CPU
		{F17EF294-61F9-41B4-A70E-827B7D60E5B2}.Release|x86.ActiveCfg = Release|Any CPU
		{F17EF294-61F9-41B4-A70E-827B7D60E5B2}.Release|x86.Build.0 = Release|Any CPU
	EndGlobalSection
	GlobalSection(SolutionProperties) = preSolution
		HideSolutionNode = FALSE
	EndGlobalSection
EndGlobal
